
Microsoft Visual Studio Solution File, Format Version 12.00
# Visual Studio Version 16
VisualStudioVersion = 16.0.31424.327
MinimumVisualStudioVersion = 10.0.40219.1
Project("{FAE04EC0-301F-11D3-BF4B-00C04F79EFBC}") = "BMI_Calc", "BMI_Calc\BMI_Calc.csproj", "{7B403E57-C1F9-4E4C-BA20-62EDF74B3411}"
EndProject
Global
	GlobalSection(SolutionConfigurationPlatforms) = preSolution
		Debug|Any CPU = Debug|Any CPU
		Release|Any CPU = Release|Any CPU
	EndGlobalSection
	GlobalSection(ProjectConfigurationPlatforms) = postSolution
		{7B403E57-C1F9-4E4C-BA20-62EDF74B3411}.Debug|Any CPU.ActiveCfg = Debug|Any CPU
		{7B403E57-C1F9-4E4C-BA20-62EDF74B3411}.Debug|Any CPU.Build.0 = Debug|Any CPU
		{7B403E57-C1F9-4E4C-BA20-62EDF74B3411}.Release|Any CPU.ActiveCfg = Release|Any CPU
		{7B403E57-C1F9-4E4C-BA20-62EDF74B3411}.Release|Any CPU.Build.0 = Release|Any CPU
	EndGlobalSection
	GlobalSection(SolutionProperties) = preSolution
		HideSolutionNode = FALSE
	EndGlobalSection
	GlobalSection(ExtensibilityGlobals) = postSolution
		SolutionGuid = {F946F969-7FA4-45AE-ADA8-62AED59563D9}
	EndGlobalSection
EndGlobal
